{
  "version": 4,
  "terraform_version": "0.13.5",
  "serial": 63,
  "lineage": "6caa864f-4190-b9ad-61ef-e6689cb9500b",
  "outputs": {
    "ip": {
      "value": "54.173.94.211",
      "type": "string"
    }
  },
  "resources": [
    {
      "mode": "managed",
      "type": "aws_instance",
      "name": "example",
      "provider": "provider[\"registry.terraform.io/hashicorp/aws\"]",
      "instances": [
        {
          "schema_version": 1,
          "attributes": {
            "ami": "ami-098f16afa9edf40be",
            "arn": "arn:aws:ec2:us-east-1:810125465500:instance/i-0461c68f4001123a7",
            "associate_public_ip_address": true,
            "availability_zone": "us-east-1b",
            "cpu_core_count": 1,
            "cpu_threads_per_core": 1,
            "credit_specification": [
              {
                "cpu_credits": "standard"
              }
            ],
            "disable_api_termination": false,
            "ebs_block_device": [],
            "ebs_optimized": false,
            "ephemeral_block_device": [],
            "get_password_data": false,
            "hibernation": false,
            "host_id": null,
            "iam_instance_profile": "",
            "id": "i-0461c68f4001123a7",
            "instance_initiated_shutdown_behavior": null,
            "instance_state": "running",
            "instance_type": "t2.micro",
            "ipv6_address_count": 0,
            "ipv6_addresses": [],
            "key_name": "mykey",
            "metadata_options": [
              {
                "http_endpoint": "enabled",
                "http_put_response_hop_limit": 1,
                "http_tokens": "optional"
              }
            ],
            "monitoring": false,
            "network_interface": [],
            "outpost_arn": "",
            "password_data": "",
            "placement_group": "",
            "primary_network_interface_id": "eni-0c11b1648ea0adc08",
            "private_dns": "ip-172-31-86-72.ec2.internal",
            "private_ip": "172.31.86.72",
            "public_dns": "ec2-54-173-94-211.compute-1.amazonaws.com",
            "public_ip": "54.173.94.211",
            "root_block_device": [
              {
                "delete_on_termination": true,
                "device_name": "/dev/sda1",
                "encrypted": false,
                "iops": 100,
                "kms_key_id": "",
                "volume_id": "vol-0b404f8d7c6577e78",
                "volume_size": 10,
                "volume_type": "gp2"
              }
            ],
            "secondary_private_ips": [],
            "security_groups": [
              "default"
            ],
            "source_dest_check": true,
            "subnet_id": "subnet-90f846b1",
            "tags": {
              "Name": "HelloWorld"
            },
            "tenancy": "default",
            "timeouts": null,
            "user_data": null,
            "user_data_base64": null,
            "volume_tags": {},
            "vpc_security_group_ids": [
              "sg-15f79025"
            ]
          },
          "private": "eyJlMmJmYjczMC1lY2FhLTExZTYtOGY4OC0zNDM2M2JjN2M0YzAiOnsiY3JlYXRlIjo2MDAwMDAwMDAwMDAsImRlbGV0ZSI6MTIwMDAwMDAwMDAwMCwidXBkYXRlIjo2MDAwMDAwMDAwMDB9LCJzY2hlbWFfdmVyc2lvbiI6IjEifQ==",
          "dependencies": [
            "aws_key_pair.mykey"
          ]
        }
      ]
    },
    {
      "mode": "managed",
      "type": "aws_key_pair",
      "name": "mykey",
      "provider": "provider[\"registry.terraform.io/hashicorp/aws\"]",
      "instances": [
        {
          "schema_version": 1,
          "attributes": {
            "arn": "arn:aws:ec2:us-east-1:810125465500:key-pair/mykey",
            "fingerprint": "0f:7f:85:eb:39:53:9f:16:f1:06:27:bf:32:27:cd:92",
            "id": "mykey",
            "key_name": "mykey",
            "key_name_prefix": null,
            "key_pair_id": "key-0ce75e569eab92210",
            "public_key": "ssh-rsa AAAAB3NzaC1yc2EAAAADAQABAAABgQD3tgF7fcGCMgudbyw+9LpKX+SkkmNICKX6z5vndjWKZf4K44NARFEG+DiCHG3y4zyFK+p2AbZrsRMJUn74lWS6IhDgrUlaZPa64J76DDcUWkA8xbLht+qvlVyrhgeGJvkJI5bA1XvOnjuL/NuVZSFdUYn0Lk0nCRuSvQ/7CTDck6BVvEbyyKiIMp1mDCUN0PmlmYOVnpxrqTmmIus57JBbm8e0t4lMOm10maJR5DuGce9GUsKnowwwew+0Sv9+GTNyBI286/eEmFENupcheuvhAhyqqxP9P5oRlDMSINRLJurNn57Bb7y2HP7LEDco40UGy04pdZsQHT3odCb9DwgAj7Awb/gceEvpnYvwPwxw75wSSXzoyeOvhvdMyNJinDrRYPuY3pPGcG2TbY7F7Opj2ahObjEFwXcIRXPlG5bVyG1WBF9ZYIAH/wb2Aj9x01uzgKW7Au4nj5ezMOQSCjSYOTCsiTX0bYDg2jC+RwaAbD2yZEivHbtMUf+uztgXleE= ec2-user@ip-172-31-89-241.ec2.internal",
            "tags": {}
          },
          "private": "eyJzY2hlbWFfdmVyc2lvbiI6IjEifQ=="
        }
      ]
    }
  ]
}
